
Microsoft Visual Studio Solution File, Format Version 12.00
# Visual Studio 15
VisualStudioVersion = 15.0.27703.2026
MinimumVisualStudioVersion = 10.0.40219.1
Project("{FAE04EC0-301F-11D3-BF4B-00C04F79EFBC}") = "CONTAWEB_TEST2", "CONTAWEB_TEST2\CONTAWEB_TEST2.csproj", "{E77CB239-4646-45D4-BC56-A410E1DF0096}"
EndProject
Global
	GlobalSection(SolutionConfigurationPlatforms) = preSolution
		Debug|Any CPU = Debug|Any CPU
		Release|Any CPU = Release|Any CPU
	EndGlobalSection
	GlobalSection(ProjectConfigurationPlatforms) = postSolution
		{E77CB239-4646-45D4-BC56-A410E1DF0096}.Debug|Any CPU.ActiveCfg = Debug|Any CPU
		{E77CB239-4646-45D4-BC56-A410E1DF0096}.Debug|Any CPU.Build.0 = Debug|Any CPU
		{E77CB239-4646-45D4-BC56-A410E1DF0096}.Release|Any CPU.ActiveCfg = Release|Any CPU
		{E77CB239-4646-45D4-BC56-A410E1DF0096}.Release|Any CPU.Build.0 = Release|Any CPU
	EndGlobalSection
	GlobalSection(SolutionProperties) = preSolution
		HideSolutionNode = FALSE
	EndGlobalSection
	GlobalSection(ExtensibilityGlobals) = postSolution
		SolutionGuid = {20DA86EC-DB36-49A3-BE97-846F93B4E282}
	EndGlobalSection
EndGlobal
